<?xml version="1.0" encoding="utf-8"?>
<Project ToolsVersion="4.0" xmlns="http://schemas.microsoft.com/developer/msbuild/2003">
  <ItemGroup>
    <Filter Include="scanner">
      <UniqueIdentifier>{15e7854f-fbd0-454f-b8ac-a663bdf9415d}</UniqueIdentifier>
    </Filter>
    <Filter Include="parser">
      <UniqueIdentifier>{bed9a7d7-b6ed-4cc1-84bd-f2b039c9d83b}</UniqueIdentifier>
    </Filter>
    <Filter Include="parser\include">
      <UniqueIdentifier>{2ae6e0d8-e830-4a7c-8546-accb92515856}</UniqueIdentifier>
    </Filter>
    <Filter Include="parser\src">
      <UniqueIdentifier>{0538c781-feb7-4bce-9b34-2a606ca8afb7}</UniqueIdentifier>
    </Filter>
    <Filter Include="scanner\include">
      <UniqueIdentifier>{a38cdc06-096e-479d-a5b9-ba71d616c8ad}</UniqueIdentifier>
    </Filter>
    <Filter Include="scanner\src">
      <UniqueIdentifier>{e0048f5f-8a47-4e23-a89e-81f3831ad958}</UniqueIdentifier>
    </Filter>
    <Filter Include="global">
      <UniqueIdentifier>{bae71329-25f3-4ed7-995e-b6f06c03e4b9}</UniqueIdentifier>
    </Filter>
    <Filter Include="global\include">
      <UniqueIdentifier>{82db5c25-7f95-42fa-89f4-a313445d26aa}</UniqueIdentifier>
    </Filter>
    <Filter Include="global\src">
      <UniqueIdentifier>{4955cf20-14b4-4024-bf2d-1b8764e6347f}</UniqueIdentifier>
    </Filter>
    <Filter Include="main">
      <UniqueIdentifier>{7c50240a-0567-47ab-8e5a-1cfc5ddb5ce7}</UniqueIdentifier>
    </Filter>
    <Filter Include="main\include">
      <UniqueIdentifier>{5e77e0f4-599e-4426-ad9b-b790fafba1e4}</UniqueIdentifier>
    </Filter>
    <Filter Include="main\src">
      <UniqueIdentifier>{31fe78ce-b06d-4174-8f87-7988dc78cb20}</UniqueIdentifier>
    </Filter>
  </ItemGroup>
  <ItemGroup>
    <ClInclude Include="global\include\debug.h">
      <Filter>global\include</Filter>
    </ClInclude>
    <ClInclude Include="parser\include\parser.h">
      <Filter>parser\include</Filter>
    </ClInclude>
    <ClInclude Include="scanner\include\scanner.h">
      <Filter>scanner\include</Filter>
    </ClInclude>
    <ClInclude Include="global\include\utilities.h">
      <Filter>global\include</Filter>
    </ClInclude>
    <ClInclude Include="parser\include\grammar.h">
      <Filter>parser\include</Filter>
    </ClInclude>
    <ClInclude Include="parser\include\grammar_symbol.h">
      <Filter>parser\include</Filter>
    </ClInclude>
    <ClInclude Include="parser\include\syntax_tree.h">
      <Filter>parser\include</Filter>
    </ClInclude>
    <ClInclude Include="global\include\reference_countable.h">
      <Filter>global\include</Filter>
    </ClInclude>
    <ClInclude Include="parser\include\language.h">
      <Filter>parser\include</Filter>
    </ClInclude>
    <ClInclude Include="global\include\matrix.h">
      <Filter>global\include</Filter>
    </ClInclude>
    <ClInclude Include="global\include\table_printer.h">
      <Filter>global\include</Filter>
    </ClInclude>
    <ClInclude Include="global\include\reader.h">
      <Filter>global\include</Filter>
    </ClInclude>
    <ClInclude Include="main\include\main.h">
      <Filter>main\include</Filter>
    </ClInclude>
    <ClInclude Include="parser\include\action.h">
      <Filter>parser\include</Filter>
    </ClInclude>
    <ClInclude Include="global\include\define.h">
      <Filter>global\include</Filter>
    </ClInclude>
    <ClInclude Include="parser\include\lr_parser.h">
      <Filter>parser\include</Filter>
    </ClInclude>
    <ClInclude Include="parser\include\lr_table.h">
      <Filter>parser\include</Filter>
    </ClInclude>
    <ClInclude Include="parser\include\lr_impl.h">
      <Filter>parser\include</Filter>
    </ClInclude>
    <ClInclude Include="parser\include\table.h">
      <Filter>parser\include</Filter>
    </ClInclude>
    <ClInclude Include="parser\include\lalr.h">
      <Filter>parser\include</Filter>
    </ClInclude>
    <ClInclude Include="parser\include\lr1.h">
      <Filter>parser\include</Filter>
    </ClInclude>
    <ClInclude Include="parser\include\lr0.h">
      <Filter>parser\include</Filter>
    </ClInclude>
    <ClInclude Include="parser\include\syntaxer.h">
      <Filter>parser\include</Filter>
    </ClInclude>
    <ClInclude Include="parser\include\serializer.h">
      <Filter>parser\include</Filter>
    </ClInclude>
    <ClInclude Include="global\include\os.h">
      <Filter>global\include</Filter>
    </ClInclude>
    <ClInclude Include="global\include\os_windows.h">
      <Filter>global\include</Filter>
    </ClInclude>
    <ClInclude Include="global\include\os_linux.h">
      <Filter>global\include</Filter>
    </ClInclude>
    <ClInclude Include="scanner\include\token_define.h">
      <Filter>scanner\include</Filter>
    </ClInclude>
    <ClInclude Include="scanner\include\tokens.h">
      <Filter>scanner\include</Filter>
    </ClInclude>
  </ItemGroup>
  <ItemGroup>
    <ClCompile Include="global\src\debug.cpp">
      <Filter>global\src</Filter>
    </ClCompile>
    <ClCompile Include="parser\src\parser.cpp">
      <Filter>parser\src</Filter>
    </ClCompile>
    <ClCompile Include="scanner\src\scanner.cpp">
      <Filter>scanner\src</Filter>
    </ClCompile>
    <ClCompile Include="parser\src\grammar.cpp">
      <Filter>parser\src</Filter>
    </ClCompile>
    <ClCompile Include="parser\src\grammar_symbol.cpp">
      <Filter>parser\src</Filter>
    </ClCompile>
    <ClCompile Include="global\src\utilities.cpp">
      <Filter>global\src</Filter>
    </ClCompile>
    <ClCompile Include="parser\src\syntax_tree.cpp">
      <Filter>parser\src</Filter>
    </ClCompile>
    <ClCompile Include="parser\src\language.cpp">
      <Filter>parser\src</Filter>
    </ClCompile>
    <ClCompile Include="global\src\table_printer.cpp">
      <Filter>global\src</Filter>
    </ClCompile>
    <ClCompile Include="global\src\reader.cpp">
      <Filter>global\src</Filter>
    </ClCompile>
    <ClCompile Include="main\src\main.cpp">
      <Filter>main\src</Filter>
    </ClCompile>
    <ClCompile Include="parser\src\action.cpp">
      <Filter>parser\src</Filter>
    </ClCompile>
    <ClCompile Include="parser\src\lr_parser.cpp">
      <Filter>parser\src</Filter>
    </ClCompile>
    <ClCompile Include="parser\src\lr_table.cpp">
      <Filter>parser\src</Filter>
    </ClCompile>
    <ClCompile Include="parser\src\table.cpp">
      <Filter>parser\src</Filter>
    </ClCompile>
    <ClCompile Include="global\src\reference_countable.cpp">
      <Filter>global\src</Filter>
    </ClCompile>
    <ClCompile Include="parser\src\lalr.cpp">
      <Filter>parser\src</Filter>
    </ClCompile>
    <ClCompile Include="parser\src\lr1.cpp">
      <Filter>parser\src</Filter>
    </ClCompile>
    <ClCompile Include="parser\src\lr_impl.cpp">
      <Filter>parser\src</Filter>
    </ClCompile>
    <ClCompile Include="parser\src\lr0.cpp">
      <Filter>parser\src</Filter>
    </ClCompile>
    <ClCompile Include="parser\src\serializer.cpp">
      <Filter>parser\src</Filter>
    </ClCompile>
    <ClCompile Include="parser\src\syntaxer.cpp">
      <Filter>parser\src</Filter>
    </ClCompile>
    <ClCompile Include="global\src\os_windows.cpp">
      <Filter>global\src</Filter>
    </ClCompile>
    <ClCompile Include="global\src\os_linux.cpp">
      <Filter>global\src</Filter>
    </ClCompile>
    <ClCompile Include="scanner\src\tokens.cpp">
      <Filter>scanner\src</Filter>
    </ClCompile>
  </ItemGroup>
</Project>